
Microsoft Visual Studio Solution File, Format Version 12.00
# Visual Studio Version 17
VisualStudioVersion = 17.0.32014.148
MinimumVisualStudioVersion = 10.0.40219.1
Project("{FAE04EC0-301F-11D3-BF4B-00C04F79EFBC}") = "Bileciki-ecommerce", "Bileciki-ecommerce\Bileciki-ecommerce.csproj", "{D177635B-7473-4572-855E-3F169517E069}"
EndProject
Global
	GlobalSection(SolutionConfigurationPlatforms) = preSolution
		Debug|Any CPU = Debug|Any CPU
		Release|Any CPU = Release|Any CPU
	EndGlobalSection
	GlobalSection(ProjectConfigurationPlatforms) = postSolution
		{D177635B-7473-4572-855E-3F169517E069}.Debug|Any CPU.ActiveCfg = Debug|Any CPU
		{D177635B-7473-4572-855E-3F169517E069}.Debug|Any CPU.Build.0 = Debug|Any CPU
		{D177635B-7473-4572-855E-3F169517E069}.Release|Any CPU.ActiveCfg = Release|Any CPU
		{D177635B-7473-4572-855E-3F169517E069}.Release|Any CPU.Build.0 = Release|Any CPU
	EndGlobalSection
	GlobalSection(SolutionProperties) = preSolution
		HideSolutionNode = FALSE
	EndGlobalSection
	GlobalSection(ExtensibilityGlobals) = postSolution
		SolutionGuid = {AB7F495C-7F28-4754-AC30-E7F581AA8221}
	EndGlobalSection
EndGlobal
